
Microsoft Visual Studio Solution File, Format Version 12.00
# Visual Studio 15
VisualStudioVersion = 15.0.26228.4
MinimumVisualStudioVersion = 10.0.40219.1
Project("{FAE04EC0-301F-11D3-BF4B-00C04F79EFBC}") = "TG.ConfigSettings", "TG.ConfigSettings.csproj", "{A1BC8827-E9C6-472E-92FD-3BC2EBDE19CF}"
EndProject
Global
	GlobalSection(SolutionConfigurationPlatforms) = preSolution
		Debug|Any CPU = Debug|Any CPU
		QA|Any CPU = QA|Any CPU
		QACMS|Any CPU = QACMS|Any CPU
		Release|Any CPU = Release|Any CPU
	EndGlobalSection
	GlobalSection(ProjectConfigurationPlatforms) = postSolution
		{A1BC8827-E9C6-472E-92FD-3BC2EBDE19CF}.Debug|Any CPU.ActiveCfg = Debug|Any CPU
		{A1BC8827-E9C6-472E-92FD-3BC2EBDE19CF}.Debug|Any CPU.Build.0 = Debug|Any CPU
		{A1BC8827-E9C6-472E-92FD-3BC2EBDE19CF}.QA|Any CPU.ActiveCfg = QA|Any CPU
		{A1BC8827-E9C6-472E-92FD-3BC2EBDE19CF}.QA|Any CPU.Build.0 = QA|Any CPU
		{A1BC8827-E9C6-472E-92FD-3BC2EBDE19CF}.QACMS|Any CPU.ActiveCfg = QACMS|Any CPU
		{A1BC8827-E9C6-472E-92FD-3BC2EBDE19CF}.QACMS|Any CPU.Build.0 = QACMS|Any CPU
		{A1BC8827-E9C6-472E-92FD-3BC2EBDE19CF}.Release|Any CPU.ActiveCfg = Release|Any CPU
		{A1BC8827-E9C6-472E-92FD-3BC2EBDE19CF}.Release|Any CPU.Build.0 = Release|Any CPU
	EndGlobalSection
	GlobalSection(SolutionProperties) = preSolution
		HideSolutionNode = FALSE
	EndGlobalSection
EndGlobal
